dependencies:
  espressif/esp_jpeg:
    component_hash: 
      defb83669293cbf86d0fa86b475ba5517aceed04ed70db435388c151ab37b5d7
    dependencies:
    - name: idf
      require: private
      version: '>=5.0'
    source:
      registry_url: https://components.espressif.com/
      type: service
    version: 1.3.1
  espressif/esp_new_jpeg:
    component_hash: 
      e6af208a875abd0ecfc0213d3751a11b504b463ebde6930f24096047925fa5c1
    dependencies: []
    source:
      registry_url: https://components.espressif.com/
      type: service
    targets:
    - esp32
    - esp32s2
    - esp32s3
    - esp32p4
    - esp32c2
    - esp32c3
    - esp32c5
    - esp32c6
    version: 0.6.1
  idf:
    source:
      type: idf
    version: 6.0.0
direct_dependencies:
- espressif/esp_jpeg
- espressif/esp_new_jpeg
- idf
manifest_hash: 959dea0e9fa2f5b3110932ab119d8d1958173242bf8283d2a30aa423556941b1
target: esp32s3
version: 2.0.0
